
Microsoft Visual Studio Solution File, Format Version 12.00
# Visual Studio Version 16
VisualStudioVersion = 16.0.31605.320
MinimumVisualStudioVersion = 10.0.40219.1
Project("{FAE04EC0-301F-11D3-BF4B-00C04F79EFBC}") = "ValidacaoPersonalizada", "ValidacaoPersonalizada\ValidacaoPersonalizada.csproj", "{C5B68A20-17CA-42E3-BEA7-2A50AB0C4B95}"
EndProject
Global
	GlobalSection(SolutionConfigurationPlatforms) = preSolution
		Debug|Any CPU = Debug|Any CPU
		Release|Any CPU = Release|Any CPU
	EndGlobalSection
	GlobalSection(ProjectConfigurationPlatforms) = postSolution
		{C5B68A20-17CA-42E3-BEA7-2A50AB0C4B95}.Debug|Any CPU.ActiveCfg = Debug|Any CPU
		{C5B68A20-17CA-42E3-BEA7-2A50AB0C4B95}.Debug|Any CPU.Build.0 = Debug|Any CPU
		{C5B68A20-17CA-42E3-BEA7-2A50AB0C4B95}.Release|Any CPU.ActiveCfg = Release|Any CPU
		{C5B68A20-17CA-42E3-BEA7-2A50AB0C4B95}.Release|Any CPU.Build.0 = Release|Any CPU
	EndGlobalSection
	GlobalSection(SolutionProperties) = preSolution
		HideSolutionNode = FALSE
	EndGlobalSection
	GlobalSection(ExtensibilityGlobals) = postSolution
		SolutionGuid = {C15C0801-211B-4AC5-BA67-0E500DEDA3BE}
	EndGlobalSection
EndGlobal
